
Microsoft Visual Studio Solution File, Format Version 12.00
# Visual Studio Version 17
VisualStudioVersion = 17.2.32630.192
MinimumVisualStudioVersion = 10.0.40219.1
Project("{FAE04EC0-301F-11D3-BF4B-00C04F79EFBC}") = "FinistBackend", "FinistBackend\FinistBackend.csproj", "{7A26F34E-5405-4793-87E9-318C9D3EFA47}"
EndProject
Project("{FAE04EC0-301F-11D3-BF4B-00C04F79EFBC}") = "AdminApp", "AdminApp\AdminApp.csproj", "{A20BD568-ED2A-4709-99F9-954E7558D5A3}"
EndProject
Global
	GlobalSection(SolutionConfigurationPlatforms) = preSolution
		Debug|Any CPU = Debug|Any CPU
		Release|Any CPU = Release|Any CPU
	EndGlobalSection
	GlobalSection(ProjectConfigurationPlatforms) = postSolution
		{7A26F34E-5405-4793-87E9-318C9D3EFA47}.Debug|Any CPU.ActiveCfg = Debug|Any CPU
		{7A26F34E-5405-4793-87E9-318C9D3EFA47}.Debug|Any CPU.Build.0 = Debug|Any CPU
		{7A26F34E-5405-4793-87E9-318C9D3EFA47}.Release|Any CPU.ActiveCfg = Release|Any CPU
		{7A26F34E-5405-4793-87E9-318C9D3EFA47}.Release|Any CPU.Build.0 = Release|Any CPU
		{A20BD568-ED2A-4709-99F9-954E7558D5A3}.Debug|Any CPU.ActiveCfg = Debug|Any CPU
		{A20BD568-ED2A-4709-99F9-954E7558D5A3}.Debug|Any CPU.Build.0 = Debug|Any CPU
		{A20BD568-ED2A-4709-99F9-954E7558D5A3}.Release|Any CPU.ActiveCfg = Release|Any CPU
		{A20BD568-ED2A-4709-99F9-954E7558D5A3}.Release|Any CPU.Build.0 = Release|Any CPU
	EndGlobalSection
	GlobalSection(SolutionProperties) = preSolution
		HideSolutionNode = FALSE
	EndGlobalSection
	GlobalSection(ExtensibilityGlobals) = postSolution
		SolutionGuid = {3E32E090-CE3F-47A3-9109-114962A178E6}
	EndGlobalSection
EndGlobal
